
Microsoft Visual Studio Solution File, Format Version 12.00
# Visual Studio 15
VisualStudioVersion = 15.0.28010.2016
MinimumVisualStudioVersion = 10.0.40219.1
Project("{FAE04EC0-301F-11D3-BF4B-00C04F79EFBC}") = "WebTest4", "WebTest4\WebTest4.csproj", "{6A2E260D-76F8-49E1-88B2-325F46D88F90}"
EndProject
Project("{2150E333-8FDC-42A3-9474-1A3956D46DE8}") = "Solution Items", "Solution Items", "{23CAA2D8-AB3E-4674-9044-098C7912F907}"
	ProjectSection(SolutionItems) = preProject
		AzureDevOps.md = AzureDevOps.md
	EndProjectSection
EndProject
Global
	GlobalSection(SolutionConfigurationPlatforms) = preSolution
		Debug|Any CPU = Debug|Any CPU
		Release|Any CPU = Release|Any CPU
	EndGlobalSection
	GlobalSection(ProjectConfigurationPlatforms) = postSolution
		{6A2E260D-76F8-49E1-88B2-325F46D88F90}.Debug|Any CPU.ActiveCfg = Debug|Any CPU
		{6A2E260D-76F8-49E1-88B2-325F46D88F90}.Debug|Any CPU.Build.0 = Debug|Any CPU
		{6A2E260D-76F8-49E1-88B2-325F46D88F90}.Release|Any CPU.ActiveCfg = Release|Any CPU
		{6A2E260D-76F8-49E1-88B2-325F46D88F90}.Release|Any CPU.Build.0 = Release|Any CPU
	EndGlobalSection
	GlobalSection(SolutionProperties) = preSolution
		HideSolutionNode = FALSE
	EndGlobalSection
	GlobalSection(ExtensibilityGlobals) = postSolution
		SolutionGuid = {EEB63A98-6D6D-492F-BBF8-8F0A4C47F5C7}
	EndGlobalSection
EndGlobal
